// !$*UTF8*$!
{
	archiveVersion = 1;
	classes = {
	};
	objectVersion = 51;
	objects = {

/* Begin PBXBuildFile section */
		209D4C8A249D6C4300E9AFF3 /* RST6StartViewController.m in Sources */ = {isa = PBXBuildFile; fileRef = 209D4C89249D6C4300E9AFF3 /* RST6StartViewController.m */; };
		209D4C90249D6CA900E9AFF3 /* RST6TabBarController.m in Sources */ = {isa = PBXBuildFile; fileRef = 209D4C8F249D6CA900E9AFF3 /* RST6TabBarController.m */; };
		209D4C92249D751C00E9AFF3 /* RST6StartView.xib in Resources */ = {isa = PBXBuildFile; fileRef = 209D4C91249D751C00E9AFF3 /* RST6StartView.xib */; };
		209D4C95249E367800E9AFF3 /* RST6StartView.m in Sources */ = {isa = PBXBuildFile; fileRef = 209D4C94249E367800E9AFF3 /* RST6StartView.m */; };
		209D4C98249E64D800E9AFF3 /* UIWindow+Additions.m in Sources */ = {isa = PBXBuildFile; fileRef = 209D4C97249E64D800E9AFF3 /* UIWindow+Additions.m */; };
		209D4C9B249E6D4300E9AFF3 /* RST6InfoController.m in Sources */ = {isa = PBXBuildFile; fileRef = 209D4C9A249E6D4300E9AFF3 /* RST6InfoController.m */; };
		209D4C9E249E6D8D00E9AFF3 /* RST6GalleryController.m in Sources */ = {isa = PBXBuildFile; fileRef = 209D4C9D249E6D8D00E9AFF3 /* RST6GalleryController.m */; };
		20AD85B7249D45E800A2CB96 /* AppDelegate.m in Sources */ = {isa = PBXBuildFile; fileRef = 20AD85B6249D45E800A2CB96 /* AppDelegate.m */; };
		20AD85C5249D45F100A2CB96 /* Assets.xcassets in Resources */ = {isa = PBXBuildFile; fileRef = 20AD85C4249D45F100A2CB96 /* Assets.xcassets */; };
		20AD85CB249D45F100A2CB96 /* main.m in Sources */ = {isa = PBXBuildFile; fileRef = 20AD85CA249D45F100A2CB96 /* main.m */; };
		20AD85D2249D565A00A2CB96 /* Launch Screen.storyboard in Resources */ = {isa = PBXBuildFile; fileRef = 20AD85D1249D565A00A2CB96 /* Launch Screen.storyboard */; };
		20D070FF24A0F73500165652 /* RST6AnimatedView.m in Sources */ = {isa = PBXBuildFile; fileRef = 20D070FE24A0F73500165652 /* RST6AnimatedView.m */; };
		86246143FF7591B407B02C3A /* libPods-RSTask6.a in Frameworks */ = {isa = PBXBuildFile; fileRef = 5A84C5B303E97B3C8D9A495D /* libPods-RSTask6.a */; };
/* End PBXBuildFile section */

/* Begin PBXFileReference section */
		209D4C88249D6C4300E9AFF3 /* RST6StartViewController.h */ = {isa = PBXFileReference; lastKnownFileType = sourcecode.c.h; path = RST6StartViewController.h; sourceTree = "<group>"; };
		209D4C89249D6C4300E9AFF3 /* RST6StartViewController.m */ = {isa = PBXFileReference; lastKnownFileType = sourcecode.c.objc; path = RST6StartViewController.m; sourceTree = "<group>"; };
		209D4C8E249D6CA900E9AFF3 /* RST6TabBarController.h */ = {isa = PBXFileReference; lastKnownFileType = sourcecode.c.h; path = RST6TabBarController.h; sourceTree = "<group>"; };
		209D4C8F249D6CA900E9AFF3 /* RST6TabBarController.m */ = {isa = PBXFileReference; lastKnownFileType = sourcecode.c.objc; path = RST6TabBarController.m; sourceTree = "<group>"; };
		209D4C91249D751C00E9AFF3 /* RST6StartView.xib */ = {isa = PBXFileReference; lastKnownFileType = file.xib; path = RST6StartView.xib; sourceTree = "<group>"; };
		209D4C93249E367800E9AFF3 /* RST6StartView.h */ = {isa = PBXFileReference; lastKnownFileType = sourcecode.c.h; path = RST6StartView.h; sourceTree = "<group>"; };
		209D4C94249E367800E9AFF3 /* RST6StartView.m */ = {isa = PBXFileReference; lastKnownFileType = sourcecode.c.objc; path = RST6StartView.m; sourceTree = "<group>"; };
		209D4C96249E64D800E9AFF3 /* UIWindow+Additions.h */ = {isa = PBXFileReference; lastKnownFileType = sourcecode.c.h; path = "UIWindow+Additions.h"; sourceTree = "<group>"; };
		209D4C97249E64D800E9AFF3 /* UIWindow+Additions.m */ = {isa = PBXFileReference; lastKnownFileType = sourcecode.c.objc; path = "UIWindow+Additions.m"; sourceTree = "<group>"; };
		209D4C99249E6D4300E9AFF3 /* RST6InfoController.h */ = {isa = PBXFileReference; lastKnownFileType = sourcecode.c.h; path = RST6InfoController.h; sourceTree = "<group>"; };
		209D4C9A249E6D4300E9AFF3 /* RST6InfoController.m */ = {isa = PBXFileReference; lastKnownFileType = sourcecode.c.objc; path = RST6InfoController.m; sourceTree = "<group>"; };
		209D4C9C249E6D8D00E9AFF3 /* RST6GalleryController.h */ = {isa = PBXFileReference; lastKnownFileType = sourcecode.c.h; path = RST6GalleryController.h; sourceTree = "<group>"; };
		209D4C9D249E6D8D00E9AFF3 /* RST6GalleryController.m */ = {isa = PBXFileReference; lastKnownFileType = sourcecode.c.objc; path = RST6GalleryController.m; sourceTree = "<group>"; };
		20AD85B2249D45E800A2CB96 /* RSTask6.app */ = {isa = PBXFileReference; explicitFileType = wrapper.application; includeInIndex = 0; path = RSTask6.app; sourceTree = BUILT_PRODUCTS_DIR; };
		20AD85B5249D45E800A2CB96 /* AppDelegate.h */ = {isa = PBXFileReference; lastKnownFileType = sourcecode.c.h; path = AppDelegate.h; sourceTree = "<group>"; };
		20AD85B6249D45E800A2CB96 /* AppDelegate.m */ = {isa = PBXFileReference; lastKnownFileType = sourcecode.c.objc; path = AppDelegate.m; sourceTree = "<group>"; };
		20AD85C4249D45F100A2CB96 /* Assets.xcassets */ = {isa = PBXFileReference; lastKnownFileType = folder.assetcatalog; path = Assets.xcassets; sourceTree = "<group>"; };
		20AD85C9249D45F100A2CB96 /* Info.plist */ = {isa = PBXFileReference; lastKnownFileType = text.plist.xml; path = Info.plist; sourceTree = "<group>"; };
		20AD85CA249D45F100A2CB96 /* main.m */ = {isa = PBXFileReference; lastKnownFileType = sourcecode.c.objc; path = main.m; sourceTree = "<group>"; };
		20AD85D1249D565A00A2CB96 /* Launch Screen.storyboard */ = {isa = PBXFileReference; lastKnownFileType = file.storyboard; path = "Launch Screen.storyboard"; sourceTree = "<group>"; };
		20D070FD24A0F73500165652 /* RST6AnimatedView.h */ = {isa = PBXFileReference; lastKnownFileType = sourcecode.c.h; path = RST6AnimatedView.h; sourceTree = "<group>"; };
		20D070FE24A0F73500165652 /* RST6AnimatedView.m */ = {isa = PBXFileReference; lastKnownFileType = sourcecode.c.objc; path = RST6AnimatedView.m; sourceTree = "<group>"; };
		5A84C5B303E97B3C8D9A495D /* libPods-RSTask6.a */ = {isa = PBXFileReference; explicitFileType = archive.ar; includeInIndex = 0; path = "libPods-RSTask6.a"; sourceTree = BUILT_PRODUCTS_DIR; };
		86B7CAE1E83F707C440F9A38 /* Pods-RSTask6.release.xcconfig */ = {isa = PBXFileReference; includeInIndex = 1; lastKnownFileType = text.xcconfig; name = "Pods-RSTask6.release.xcconfig"; path = "Target Support Files/Pods-RSTask6/Pods-RSTask6.release.xcconfig"; sourceTree = "<group>"; };
		90DD60059AFB4300A3F301B1 /* Pods-RSTask6.debug.xcconfig */ = {isa = PBXFileReference; includeInIndex = 1; lastKnownFileType = text.xcconfig; name = "Pods-RSTask6.debug.xcconfig"; path = "Target Support Files/Pods-RSTask6/Pods-RSTask6.debug.xcconfig"; sourceTree = "<group>"; };
/* End PBXFileReference section */

/* Begin PBXFrameworksBuildPhase section */
		20AD85AF249D45E800A2CB96 /* Frameworks */ = {
			isa = PBXFrameworksBuildPhase;
			buildActionMask = 2147483647;
			files = (
				86246143FF7591B407B02C3A /* libPods-RSTask6.a in Frameworks */,
			);
			runOnlyForDeploymentPostprocessing = 0;
		};
/* End PBXFrameworksBuildPhase section */

/* Begin PBXGroup section */
		208F161C24A0C3AF00D996AB /* Views */ = {
			isa = PBXGroup;
			children = (
				209D4C93249E367800E9AFF3 /* RST6StartView.h */,
				209D4C94249E367800E9AFF3 /* RST6StartView.m */,
				20D070FD24A0F73500165652 /* RST6AnimatedView.h */,
				20D070FE24A0F73500165652 /* RST6AnimatedView.m */,
			);
			path = Views;
			sourceTree = "<group>";
		};
		209D4C9F249E6E0500E9AFF3 /* Additions */ = {
			isa = PBXGroup;
			children = (
				209D4C96249E64D800E9AFF3 /* UIWindow+Additions.h */,
				209D4C97249E64D800E9AFF3 /* UIWindow+Additions.m */,
			);
			path = Additions;
			sourceTree = "<group>";
		};
		209D4CA0249E6E5300E9AFF3 /* UI */ = {
			isa = PBXGroup;
			children = (
				20AD85C4249D45F100A2CB96 /* Assets.xcassets */,
				20AD85D1249D565A00A2CB96 /* Launch Screen.storyboard */,
				209D4C91249D751C00E9AFF3 /* RST6StartView.xib */,
			);
			path = UI;
			sourceTree = "<group>";
		};
		209D4CA1249E6E7700E9AFF3 /* Main */ = {
			isa = PBXGroup;
			children = (
				20AD85B5249D45E800A2CB96 /* AppDelegate.h */,
				20AD85B6249D45E800A2CB96 /* AppDelegate.m */,
				20AD85CA249D45F100A2CB96 /* main.m */,
			);
			path = Main;
			sourceTree = "<group>";
		};
		209D4CA2249E6E8700E9AFF3 /* Controllers */ = {
			isa = PBXGroup;
			children = (
				209D4C88249D6C4300E9AFF3 /* RST6StartViewController.h */,
				209D4C89249D6C4300E9AFF3 /* RST6StartViewController.m */,
				209D4C8E249D6CA900E9AFF3 /* RST6TabBarController.h */,
				209D4C8F249D6CA900E9AFF3 /* RST6TabBarController.m */,
				209D4C99249E6D4300E9AFF3 /* RST6InfoController.h */,
				209D4C9A249E6D4300E9AFF3 /* RST6InfoController.m */,
				209D4C9C249E6D8D00E9AFF3 /* RST6GalleryController.h */,
				209D4C9D249E6D8D00E9AFF3 /* RST6GalleryController.m */,
			);
			path = Controllers;
			sourceTree = "<group>";
		};
		20AD85A9249D45E800A2CB96 = {
			isa = PBXGroup;
			children = (
				20AD85B4249D45E800A2CB96 /* RSTask6 */,
				20AD85B3249D45E800A2CB96 /* Products */,
				BA6FB21305AE48443C98FA29 /* Pods */,
				BF722FEB551C7EF98506366D /* Frameworks */,
			);
			sourceTree = "<group>";
		};
		20AD85B3249D45E800A2CB96 /* Products */ = {
			isa = PBXGroup;
			children = (
				20AD85B2249D45E800A2CB96 /* RSTask6.app */,
			);
			name = Products;
			sourceTree = "<group>";
		};
		20AD85B4249D45E800A2CB96 /* RSTask6 */ = {
			isa = PBXGroup;
			children = (
				208F161C24A0C3AF00D996AB /* Views */,
				20AD85C9249D45F100A2CB96 /* Info.plist */,
				209D4CA2249E6E8700E9AFF3 /* Controllers */,
				209D4CA1249E6E7700E9AFF3 /* Main */,
				209D4CA0249E6E5300E9AFF3 /* UI */,
				209D4C9F249E6E0500E9AFF3 /* Additions */,
			);
			path = RSTask6;
			sourceTree = "<group>";
		};
		BA6FB21305AE48443C98FA29 /* Pods */ = {
			isa = PBXGroup;
			children = (
				90DD60059AFB4300A3F301B1 /* Pods-RSTask6.debug.xcconfig */,
				86B7CAE1E83F707C440F9A38 /* Pods-RSTask6.release.xcconfig */,
			);
			path = Pods;
			sourceTree = "<group>";
		};
		BF722FEB551C7EF98506366D /* Frameworks */ = {
			isa = PBXGroup;
			children = (
				5A84C5B303E97B3C8D9A495D /* libPods-RSTask6.a */,
			);
			name = Frameworks;
			sourceTree = "<group>";
		};
/* End PBXGroup section */

/* Begin PBXNativeTarget section */
		20AD85B1249D45E800A2CB96 /* RSTask6 */ = {
			isa = PBXNativeTarget;
			buildConfigurationList = 20AD85CE249D45F200A2CB96 /* Build configuration list for PBXNativeTarget "RSTask6" */;
			buildPhases = (
				0C0EDB9CAABE5755189BA1E2 /* [CP] Check Pods Manifest.lock */,
				20AD85AE249D45E800A2CB96 /* Sources */,
				20AD85AF249D45E800A2CB96 /* Frameworks */,
				20AD85B0249D45E800A2CB96 /* Resources */,
				BA09F4015C1C8A3DAF1DC3BD /* [CP] Embed Pods Frameworks */,
			);
			buildRules = (
			);
			dependencies = (
			);
			name = RSTask6;
			productName = RSTask5;
			productReference = 20AD85B2249D45E800A2CB96 /* RSTask6.app */;
			productType = "com.apple.product-type.application";
		};
/* End PBXNativeTarget section */

/* Begin PBXProject section */
		20AD85AA249D45E800A2CB96 /* Project object */ = {
			isa = PBXProject;
			attributes = {
				LastUpgradeCheck = 1150;
				ORGANIZATIONNAME = "Andrey Butcitcyn";
				TargetAttributes = {
					20AD85B1249D45E800A2CB96 = {
						CreatedOnToolsVersion = 11.5;
					};
				};
			};
			buildConfigurationList = 20AD85AD249D45E800A2CB96 /* Build configuration list for PBXProject "RSTask6" */;
			compatibilityVersion = "Xcode 9.3";
			developmentRegion = en;
			hasScannedForEncodings = 0;
			knownRegions = (
				en,
				Base,
			);
			mainGroup = 20AD85A9249D45E800A2CB96;
			productRefGroup = 20AD85B3249D45E800A2CB96 /* Products */;
			projectDirPath = "";
			projectRoot = "";
			targets = (
				20AD85B1249D45E800A2CB96 /* RSTask6 */,
			);
		};
/* End PBXProject section */

/* Begin PBXResourcesBuildPhase section */
		20AD85B0249D45E800A2CB96 /* Resources */ = {
			isa = PBXResourcesBuildPhase;
			buildActionMask = 2147483647;
			files = (
				20AD85D2249D565A00A2CB96 /* Launch Screen.storyboard in Resources */,
				209D4C92249D751C00E9AFF3 /* RST6StartView.xib in Resources */,
				20AD85C5249D45F100A2CB96 /* Assets.xcassets in Resources */,
			);
			runOnlyForDeploymentPostprocessing = 0;
		};
/* End PBXResourcesBuildPhase section */

/* Begin PBXShellScriptBuildPhase section */
		0C0EDB9CAABE5755189BA1E2 /* [CP] Check Pods Manifest.lock */ = {
			isa = PBXShellScriptBuildPhase;
			buildActionMask = 2147483647;
			files = (
			);
			inputFileListPaths = (
			);
			inputPaths = (
				"${PODS_PODFILE_DIR_PATH}/Podfile.lock",
				"${PODS_ROOT}/Manifest.lock",
			);
			name = "[CP] Check Pods Manifest.lock";
			outputFileListPaths = (
			);
			outputPaths = (
				"$(DERIVED_FILE_DIR)/Pods-RSTask6-checkManifestLockResult.txt",
			);
			runOnlyForDeploymentPostprocessing = 0;
			shellPath = /bin/sh;
			shellScript = "diff \"${PODS_PODFILE_DIR_PATH}/Podfile.lock\" \"${PODS_ROOT}/Manifest.lock\" > /dev/null\nif [ $? != 0 ] ; then\n    # print error to STDERR\n    echo \"error: The sandbox is not in sync with the Podfile.lock. Run 'pod install' or update your CocoaPods installation.\" >&2\n    exit 1\nfi\n# This output is used by Xcode 'outputs' to avoid re-running this script phase.\necho \"SUCCESS\" > \"${SCRIPT_OUTPUT_FILE_0}\"\n";
			showEnvVarsInLog = 0;
		};
		BA09F4015C1C8A3DAF1DC3BD /* [CP] Embed Pods Frameworks */ = {
			isa = PBXShellScriptBuildPhase;
			buildActionMask = 2147483647;
			files = (
			);
			inputFileListPaths = (
				"${PODS_ROOT}/Target Support Files/Pods-RSTask6/Pods-RSTask6-frameworks-${CONFIGURATION}-input-files.xcfilelist",
			);
			name = "[CP] Embed Pods Frameworks";
			outputFileListPaths = (
				"${PODS_ROOT}/Target Support Files/Pods-RSTask6/Pods-RSTask6-frameworks-${CONFIGURATION}-output-files.xcfilelist",
			);
			runOnlyForDeploymentPostprocessing = 0;
			shellPath = /bin/sh;
			shellScript = "\"${PODS_ROOT}/Target Support Files/Pods-RSTask6/Pods-RSTask6-frameworks.sh\"\n";
			showEnvVarsInLog = 0;
		};
/* End PBXShellScriptBuildPhase section */

/* Begin PBXSourcesBuildPhase section */
		20AD85AE249D45E800A2CB96 /* Sources */ = {
			isa = PBXSourcesBuildPhase;
			buildActionMask = 2147483647;
			files = (
				209D4C90249D6CA900E9AFF3 /* RST6TabBarController.m in Sources */,
				20D070FF24A0F73500165652 /* RST6AnimatedView.m in Sources */,
				20AD85CB249D45F100A2CB96 /* main.m in Sources */,
				209D4C98249E64D800E9AFF3 /* UIWindow+Additions.m in Sources */,
				209D4C9B249E6D4300E9AFF3 /* RST6InfoController.m in Sources */,
				209D4C95249E367800E9AFF3 /* RST6StartView.m in Sources */,
				209D4C9E249E6D8D00E9AFF3 /* RST6GalleryController.m in Sources */,
				20AD85B7249D45E800A2CB96 /* AppDelegate.m in Sources */,
				209D4C8A249D6C4300E9AFF3 /* RST6StartViewController.m in Sources */,
			);
			runOnlyForDeploymentPostprocessing = 0;
		};
/* End PBXSourcesBuildPhase section */

/* Begin XCBuildConfiguration section */
		20AD85CC249D45F200A2CB96 /* Debug */ = {
			isa = XCBuildConfiguration;
			buildSettings = {
				ALWAYS_SEARCH_USER_PATHS = NO;
				ARCHS = (
					arm64,
					armv7s,
					armv7,
					i386,
					x86_64,
				);
				CLANG_ANALYZER_NONNULL = YES;
				CLANG_ANALYZER_NUMBER_OBJECT_CONVERSION = YES_AGGRESSIVE;
				CLANG_CXX_LANGUAGE_STANDARD = "gnu++14";
				CLANG_CXX_LIBRARY = "libc++";
				CLANG_ENABLE_MODULES = YES;
				CLANG_ENABLE_OBJC_ARC = YES;
				CLANG_ENABLE_OBJC_WEAK = YES;
				CLANG_WARN_BLOCK_CAPTURE_AUTORELEASING = YES;
				CLANG_WARN_BOOL_CONVERSION = YES;
				CLANG_WARN_COMMA = YES;
				CLANG_WARN_CONSTANT_CONVERSION = YES;
				CLANG_WARN_DEPRECATED_OBJC_IMPLEMENTATIONS = YES;
				CLANG_WARN_DIRECT_OBJC_ISA_USAGE = YES_ERROR;
				CLANG_WARN_DOCUMENTATION_COMMENTS = YES;
				CLANG_WARN_EMPTY_BODY = YES;
				CLANG_WARN_ENUM_CONVERSION = YES;
				CLANG_WARN_INFINITE_RECURSION = YES;
				CLANG_WARN_INT_CONVERSION = YES;
				CLANG_WARN_NON_LITERAL_NULL_CONVERSION = YES;
				CLANG_WARN_OBJC_IMPLICIT_RETAIN_SELF = YES;
				CLANG_WARN_OBJC_LITERAL_CONVERSION = YES;
				CLANG_WARN_OBJC_ROOT_CLASS = YES_ERROR;
				CLANG_WARN_RANGE_LOOP_ANALYSIS = YES;
				CLANG_WARN_STRICT_PROTOTYPES = YES;
				CLANG_WARN_SUSPICIOUS_MOVE = YES;
				CLANG_WARN_UNGUARDED_AVAILABILITY = YES_AGGRESSIVE;
				CLANG_WARN_UNREACHABLE_CODE = YES;
				CLANG_WARN__DUPLICATE_METHOD_MATCH = YES;
				COPY_PHASE_STRIP = NO;
				DEBUG_INFORMATION_FORMAT = dwarf;
				ENABLE_STRICT_OBJC_MSGSEND = YES;
				ENABLE_TESTABILITY = YES;
				GCC_C_LANGUAGE_STANDARD = gnu11;
				GCC_DYNAMIC_NO_PIC = NO;
				GCC_NO_COMMON_BLOCKS = YES;
				GCC_OPTIMIZATION_LEVEL = 0;
				GCC_PREPROCESSOR_DEFINITIONS = (
					"DEBUG=1",
					"$(inherited)",
				);
				GCC_WARN_64_TO_32_BIT_CONVERSION = YES;
				GCC_WARN_ABOUT_RETURN_TYPE = YES_ERROR;
				GCC_WARN_UNDECLARED_SELECTOR = YES;
				GCC_WARN_UNINITIALIZED_AUTOS = YES_AGGRESSIVE;
				GCC_WARN_UNUSED_FUNCTION = YES;
				GCC_WARN_UNUSED_VARIABLE = YES;
				IPHONEOS_DEPLOYMENT_TARGET = 10.0;
				MTL_ENABLE_DEBUG_INFO = INCLUDE_SOURCE;
				MTL_FAST_MATH = YES;
				ONLY_ACTIVE_ARCH = YES;
				SDKROOT = iphoneos;
				VALID_ARCHS = "arm64 i386 armv7 armv7s x86_64";
			};
			name = Debug;
		};
		20AD85CD249D45F200A2CB96 /* Release */ = {
			isa = XCBuildConfiguration;
			buildSettings = {
				ALWAYS_SEARCH_USER_PATHS = NO;
				ARCHS = (
					arm64,
					armv7s,
					armv7,
					i386,
					x86_64,
				);
				CLANG_ANALYZER_NONNULL = YES;
				CLANG_ANALYZER_NUMBER_OBJECT_CONVERSION = YES_AGGRESSIVE;
				CLANG_CXX_LANGUAGE_STANDARD = "gnu++14";
				CLANG_CXX_LIBRARY = "libc++";
				CLANG_ENABLE_MODULES = YES;
				CLANG_ENABLE_OBJC_ARC = YES;
				CLANG_ENABLE_OBJC_WEAK = YES;
				CLANG_WARN_BLOCK_CAPTURE_AUTORELEASING = YES;
				CLANG_WARN_BOOL_CONVERSION = YES;
				CLANG_WARN_COMMA = YES;
				CLANG_WARN_CONSTANT_CONVERSION = YES;
				CLANG_WARN_DEPRECATED_OBJC_IMPLEMENTATIONS = YES;
				CLANG_WARN_DIRECT_OBJC_ISA_USAGE = YES_ERROR;
				CLANG_WARN_DOCUMENTATION_COMMENTS = YES;
				CLANG_WARN_EMPTY_BODY = YES;
				CLANG_WARN_ENUM_CONVERSION = YES;
				CLANG_WARN_INFINITE_RECURSION = YES;
				CLANG_WARN_INT_CONVERSION = YES;
				CLANG_WARN_NON_LITERAL_NULL_CONVERSION = YES;
				CLANG_WARN_OBJC_IMPLICIT_RETAIN_SELF = YES;
				CLANG_WARN_OBJC_LITERAL_CONVERSION = YES;
				CLANG_WARN_OBJC_ROOT_CLASS = YES_ERROR;
				CLANG_WARN_RANGE_LOOP_ANALYSIS = YES;
				CLANG_WARN_STRICT_PROTOTYPES = YES;
				CLANG_WARN_SUSPICIOUS_MOVE = YES;
				CLANG_WARN_UNGUARDED_AVAILABILITY = YES_AGGRESSIVE;
				CLANG_WARN_UNREACHABLE_CODE = YES;
				CLANG_WARN__DUPLICATE_METHOD_MATCH = YES;
				COPY_PHASE_STRIP = NO;
				DEBUG_INFORMATION_FORMAT = "dwarf-with-dsym";
				ENABLE_NS_ASSERTIONS = NO;
				ENABLE_STRICT_OBJC_MSGSEND = YES;
				GCC_C_LANGUAGE_STANDARD = gnu11;
				GCC_NO_COMMON_BLOCKS = YES;
				GCC_WARN_64_TO_32_BIT_CONVERSION = YES;
				GCC_WARN_ABOUT_RETURN_TYPE = YES_ERROR;
				GCC_WARN_UNDECLARED_SELECTOR = YES;
				GCC_WARN_UNINITIALIZED_AUTOS = YES_AGGRESSIVE;
				GCC_WARN_UNUSED_FUNCTION = YES;
				GCC_WARN_UNUSED_VARIABLE = YES;
				IPHONEOS_DEPLOYMENT_TARGET = 10.0;
				MTL_ENABLE_DEBUG_INFO = NO;
				MTL_FAST_MATH = YES;
				SDKROOT = iphoneos;
				VALIDATE_PRODUCT = YES;
				VALID_ARCHS = "arm64 i386 armv7 armv7s x86_64";
			};
			name = Release;
		};
		20AD85CF249D45F200A2CB96 /* Debug */ = {
			isa = XCBuildConfiguration;
			baseConfigurationReference = 90DD60059AFB4300A3F301B1 /* Pods-RSTask6.debug.xcconfig */;
			buildSettings = {
				ASSETCATALOG_COMPILER_APPICON_NAME = AppIcon;
				CODE_SIGN_STYLE = Automatic;
				DEVELOPMENT_TEAM = Q2Q3Q59KE9;
				INFOPLIST_FILE = RSTask6/Info.plist;
				LD_RUNPATH_SEARCH_PATHS = (
					"$(inherited)",
					"@executable_path/Frameworks",
				);
				PRODUCT_BUNDLE_IDENTIFIER = com.btctcn.RSTask6;
				PRODUCT_NAME = "$(TARGET_NAME)";
				TARGETED_DEVICE_FAMILY = "1,2";
			};
			name = Debug;
		};
		20AD85D0249D45F200A2CB96 /* Release */ = {
			isa = XCBuildConfiguration;
			baseConfigurationReference = 86B7CAE1E83F707C440F9A38 /* Pods-RSTask6.release.xcconfig */;
			buildSettings = {
				ASSETCATALOG_COMPILER_APPICON_NAME = AppIcon;
				CODE_SIGN_STYLE = Automatic;
				DEVELOPMENT_TEAM = Q2Q3Q59KE9;
				INFOPLIST_FILE = RSTask6/Info.plist;
				LD_RUNPATH_SEARCH_PATHS = (
					"$(inherited)",
					"@executable_path/Frameworks",
				);
				PRODUCT_BUNDLE_IDENTIFIER = com.btctcn.RSTask6;
				PRODUCT_NAME = "$(TARGET_NAME)";
				TARGETED_DEVICE_FAMILY = "1,2";
			};
			name = Release;
		};
/* End XCBuildConfiguration section */

/* Begin XCConfigurationList section */
		20AD85AD249D45E800A2CB96 /* Build configuration list for PBXProject "RSTask6" */ = {
			isa = XCConfigurationList;
			buildConfigurations = (
				20AD85CC249D45F200A2CB96 /* Debug */,
				20AD85CD249D45F200A2CB96 /* Release */,
			);
			defaultConfigurationIsVisible = 0;
			defaultConfigurationName = Release;
		};
		20AD85CE249D45F200A2CB96 /* Build configuration list for PBXNativeTarget "RSTask6" */ = {
			isa = XCConfigurationList;
			buildConfigurations = (
				20AD85CF249D45F200A2CB96 /* Debug */,
				20AD85D0249D45F200A2CB96 /* Release */,
			);
			defaultConfigurationIsVisible = 0;
			defaultConfigurationName = Release;
		};
/* End XCConfigurationList section */
	};
	rootObject = 20AD85AA249D45E800A2CB96 /* Project object */;
}
